
Microsoft Visual Studio Solution File, Format Version 12.00
# Visual Studio Version 17
VisualStudioVersion = 17.8.34316.72
MinimumVisualStudioVersion = 10.0.40219.1
Project("{FAE04EC0-301F-11D3-BF4B-00C04F79EFBC}") = "tpAPI", "tpAPI.csproj", "{EBA2BBC1-0C56-46C9-B0DD-7092064CACD8}"
EndProject
Global
	GlobalSection(SolutionConfigurationPlatforms) = preSolution
		Debug|Any CPU = Debug|Any CPU
		Release|Any CPU = Release|Any CPU
	EndGlobalSection
	GlobalSection(ProjectConfigurationPlatforms) = postSolution
		{EBA2BBC1-0C56-46C9-B0DD-7092064CACD8}.Debug|Any CPU.ActiveCfg = Debug|Any CPU
		{EBA2BBC1-0C56-46C9-B0DD-7092064CACD8}.Debug|Any CPU.Build.0 = Debug|Any CPU
		{EBA2BBC1-0C56-46C9-B0DD-7092064CACD8}.Release|Any CPU.ActiveCfg = Release|Any CPU
		{EBA2BBC1-0C56-46C9-B0DD-7092064CACD8}.Release|Any CPU.Build.0 = Release|Any CPU
	EndGlobalSection
	GlobalSection(SolutionProperties) = preSolution
		HideSolutionNode = FALSE
	EndGlobalSection
	GlobalSection(ExtensibilityGlobals) = postSolution
		SolutionGuid = {0BD13FE3-F006-4060-A1CC-6DAD4555A402}
	EndGlobalSection
EndGlobal
